
Microsoft Visual Studio Solution File, Format Version 12.00
# Visual Studio Version 17
VisualStudioVersion = 17.11.35327.3
MinimumVisualStudioVersion = 10.0.40219.1
Project("{FAE04EC0-301F-11D3-BF4B-00C04F79EFBC}") = "Baist kayıt arayüzü", "Baist kayıt arayüzü\Baist kayıt arayüzü.csproj", "{FA4A918F-B204-4B2C-9CCE-7442928B002B}"
EndProject
Global
	GlobalSection(SolutionConfigurationPlatforms) = preSolution
		Debug|Any CPU = Debug|Any CPU
		Release|Any CPU = Release|Any CPU
	EndGlobalSection
	GlobalSection(ProjectConfigurationPlatforms) = postSolution
		{FA4A918F-B204-4B2C-9CCE-7442928B002B}.Debug|Any CPU.ActiveCfg = Debug|Any CPU
		{FA4A918F-B204-4B2C-9CCE-7442928B002B}.Debug|Any CPU.Build.0 = Debug|Any CPU
		{FA4A918F-B204-4B2C-9CCE-7442928B002B}.Release|Any CPU.ActiveCfg = Release|Any CPU
		{FA4A918F-B204-4B2C-9CCE-7442928B002B}.Release|Any CPU.Build.0 = Release|Any CPU
	EndGlobalSection
	GlobalSection(SolutionProperties) = preSolution
		HideSolutionNode = FALSE
	EndGlobalSection
	GlobalSection(ExtensibilityGlobals) = postSolution
		SolutionGuid = {B729597B-5573-46C0-B402-CBE0116F72B7}
	EndGlobalSection
EndGlobal
